// !$*UTF8*$!
{
	archiveVersion = 1;
	classes = {
	};
	objectVersion = 56;
	objects = {

/* Begin PBXBuildFile section */
		2A58385F2A6FD51000E137F8 /* LoginViewController.swift in Sources */ = {isa = PBXBuildFile; fileRef = 2A58385E2A6FD51000E137F8 /* LoginViewController.swift */; };
		2A5838612A701B8100E137F8 /* RegisterViewController.swift in Sources */ = {isa = PBXBuildFile; fileRef = 2A5838602A701B8100E137F8 /* RegisterViewController.swift */; };
		2AD897F12A71AC72003B2A47 /* SAButton.swift in Sources */ = {isa = PBXBuildFile; fileRef = 2AD897F02A71AC72003B2A47 /* SAButton.swift */; };
		2AD897F52A7242DB003B2A47 /* SATextField.swift in Sources */ = {isa = PBXBuildFile; fileRef = 2AD897F42A7242DB003B2A47 /* SATextField.swift */; };
		2AD897F72A7255DF003B2A47 /* GoogleService-Info.plist in Resources */ = {isa = PBXBuildFile; fileRef = 2AD897F62A7255DF003B2A47 /* GoogleService-Info.plist */; };
		2AD897FA2A725707003B2A47 /* FirebaseAuth in Frameworks */ = {isa = PBXBuildFile; productRef = 2AD897F92A725707003B2A47 /* FirebaseAuth */; };
		2AD897FC2A725707003B2A47 /* FirebaseFirestore in Frameworks */ = {isa = PBXBuildFile; productRef = 2AD897FB2A725707003B2A47 /* FirebaseFirestore */; };
		2AD898002A725B49003B2A47 /* HomeViewController.swift in Sources */ = {isa = PBXBuildFile; fileRef = 2AD897FF2A725B49003B2A47 /* HomeViewController.swift */; };
		2AD898022A7264DE003B2A47 /* TestButton.swift in Sources */ = {isa = PBXBuildFile; fileRef = 2AD898012A7264DE003B2A47 /* TestButton.swift */; };
		2AEB202C2A6EFE8F00A3B014 /* AppDelegate.swift in Sources */ = {isa = PBXBuildFile; fileRef = 2AEB202B2A6EFE8F00A3B014 /* AppDelegate.swift */; };
		2AEB202E2A6EFE8F00A3B014 /* SceneDelegate.swift in Sources */ = {isa = PBXBuildFile; fileRef = 2AEB202D2A6EFE8F00A3B014 /* SceneDelegate.swift */; };
		2AEB20302A6EFE8F00A3B014 /* WelcomeViewController.swift in Sources */ = {isa = PBXBuildFile; fileRef = 2AEB202F2A6EFE8F00A3B014 /* WelcomeViewController.swift */; };
		2AEB20352A6EFE9000A3B014 /* Assets.xcassets in Resources */ = {isa = PBXBuildFile; fileRef = 2AEB20342A6EFE9000A3B014 /* Assets.xcassets */; };
		2AEB20382A6EFE9000A3B014 /* LaunchScreen.storyboard in Resources */ = {isa = PBXBuildFile; fileRef = 2AEB20362A6EFE9000A3B014 /* LaunchScreen.storyboard */; };
/* End PBXBuildFile section */

/* Begin PBXFileReference section */
		2A58385E2A6FD51000E137F8 /* LoginViewController.swift */ = {isa = PBXFileReference; lastKnownFileType = sourcecode.swift; path = LoginViewController.swift; sourceTree = "<group>"; };
		2A5838602A701B8100E137F8 /* RegisterViewController.swift */ = {isa = PBXFileReference; lastKnownFileType = sourcecode.swift; path = RegisterViewController.swift; sourceTree = "<group>"; };
		2AD897F02A71AC72003B2A47 /* SAButton.swift */ = {isa = PBXFileReference; lastKnownFileType = sourcecode.swift; path = SAButton.swift; sourceTree = "<group>"; };
		2AD897F42A7242DB003B2A47 /* SATextField.swift */ = {isa = PBXFileReference; lastKnownFileType = sourcecode.swift; path = SATextField.swift; sourceTree = "<group>"; };
		2AD897F62A7255DF003B2A47 /* GoogleService-Info.plist */ = {isa = PBXFileReference; fileEncoding = 4; lastKnownFileType = text.plist.xml; name = "GoogleService-Info.plist"; path = "../../../Downloads/GoogleService-Info.plist"; sourceTree = "<group>"; };
		2AD897FF2A725B49003B2A47 /* HomeViewController.swift */ = {isa = PBXFileReference; lastKnownFileType = sourcecode.swift; path = HomeViewController.swift; sourceTree = "<group>"; };
		2AD898012A7264DE003B2A47 /* TestButton.swift */ = {isa = PBXFileReference; lastKnownFileType = sourcecode.swift; path = TestButton.swift; sourceTree = "<group>"; };
		2AEB20282A6EFE8F00A3B014 /* ProgrammaticUI.app */ = {isa = PBXFileReference; explicitFileType = wrapper.application; includeInIndex = 0; path = ProgrammaticUI.app; sourceTree = BUILT_PRODUCTS_DIR; };
		2AEB202B2A6EFE8F00A3B014 /* AppDelegate.swift */ = {isa = PBXFileReference; lastKnownFileType = sourcecode.swift; path = AppDelegate.swift; sourceTree = "<group>"; };
		2AEB202D2A6EFE8F00A3B014 /* SceneDelegate.swift */ = {isa = PBXFileReference; lastKnownFileType = sourcecode.swift; path = SceneDelegate.swift; sourceTree = "<group>"; };
		2AEB202F2A6EFE8F00A3B014 /* WelcomeViewController.swift */ = {isa = PBXFileReference; lastKnownFileType = sourcecode.swift; path = WelcomeViewController.swift; sourceTree = "<group>"; };
		2AEB20342A6EFE9000A3B014 /* Assets.xcassets */ = {isa = PBXFileReference; lastKnownFileType = folder.assetcatalog; path = Assets.xcassets; sourceTree = "<group>"; };
		2AEB20372A6EFE9000A3B014 /* Base */ = {isa = PBXFileReference; lastKnownFileType = file.storyboard; name = Base; path = Base.lproj/LaunchScreen.storyboard; sourceTree = "<group>"; };
		2AEB20392A6EFE9000A3B014 /* Info.plist */ = {isa = PBXFileReference; lastKnownFileType = text.plist.xml; path = Info.plist; sourceTree = "<group>"; };
/* End PBXFileReference section */

/* Begin PBXFrameworksBuildPhase section */
		2AEB20252A6EFE8F00A3B014 /* Frameworks */ = {
			isa = PBXFrameworksBuildPhase;
			buildActionMask = 2147483647;
			files = (
				2AD897FA2A725707003B2A47 /* FirebaseAuth in Frameworks */,
				2AD897FC2A725707003B2A47 /* FirebaseFirestore in Frameworks */,
			);
			runOnlyForDeploymentPostprocessing = 0;
		};
/* End PBXFrameworksBuildPhase section */

/* Begin PBXGroup section */
		2A5838622A701D8600E137F8 /* Controllers */ = {
			isa = PBXGroup;
			children = (
				2AEB202F2A6EFE8F00A3B014 /* WelcomeViewController.swift */,
				2A58385E2A6FD51000E137F8 /* LoginViewController.swift */,
				2A5838602A701B8100E137F8 /* RegisterViewController.swift */,
				2AD897FF2A725B49003B2A47 /* HomeViewController.swift */,
			);
			path = Controllers;
			sourceTree = "<group>";
		};
		2AD897F22A72420C003B2A47 /* Views */ = {
			isa = PBXGroup;
			children = (
			);
			path = Views;
			sourceTree = "<group>";
		};
		2AD897F32A72421A003B2A47 /* Model */ = {
			isa = PBXGroup;
			children = (
				2AD897F02A71AC72003B2A47 /* SAButton.swift */,
				2AD897F42A7242DB003B2A47 /* SATextField.swift */,
				2AD898012A7264DE003B2A47 /* TestButton.swift */,
			);
			path = Model;
			sourceTree = "<group>";
		};
		2AEB201F2A6EFE8F00A3B014 = {
			isa = PBXGroup;
			children = (
				2AEB202A2A6EFE8F00A3B014 /* ProgrammaticUI */,
				2AEB20292A6EFE8F00A3B014 /* Products */,
			);
			sourceTree = "<group>";
		};
		2AEB20292A6EFE8F00A3B014 /* Products */ = {
			isa = PBXGroup;
			children = (
				2AEB20282A6EFE8F00A3B014 /* ProgrammaticUI.app */,
			);
			name = Products;
			sourceTree = "<group>";
		};
		2AEB202A2A6EFE8F00A3B014 /* ProgrammaticUI */ = {
			isa = PBXGroup;
			children = (
				2AEB202B2A6EFE8F00A3B014 /* AppDelegate.swift */,
				2AEB202D2A6EFE8F00A3B014 /* SceneDelegate.swift */,
				2AD897F32A72421A003B2A47 /* Model */,
				2AD897F22A72420C003B2A47 /* Views */,
				2A5838622A701D8600E137F8 /* Controllers */,
				2AEB20342A6EFE9000A3B014 /* Assets.xcassets */,
				2AEB20362A6EFE9000A3B014 /* LaunchScreen.storyboard */,
				2AEB20392A6EFE9000A3B014 /* Info.plist */,
				2AD897F62A7255DF003B2A47 /* GoogleService-Info.plist */,
			);
			path = ProgrammaticUI;
			sourceTree = "<group>";
		};
/* End PBXGroup section */

/* Begin PBXNativeTarget section */
		2AEB20272A6EFE8F00A3B014 /* ProgrammaticUI */ = {
			isa = PBXNativeTarget;
			buildConfigurationList = 2AEB203C2A6EFE9000A3B014 /* Build configuration list for PBXNativeTarget "ProgrammaticUI" */;
			buildPhases = (
				2AEB20242A6EFE8F00A3B014 /* Sources */,
				2AEB20252A6EFE8F00A3B014 /* Frameworks */,
				2AEB20262A6EFE8F00A3B014 /* Resources */,
			);
			buildRules = (
			);
			dependencies = (
			);
			name = ProgrammaticUI;
			packageProductDependencies = (
				2AD897F92A725707003B2A47 /* FirebaseAuth */,
				2AD897FB2A725707003B2A47 /* FirebaseFirestore */,
			);
			productName = ProgrammaticUI;
			productReference = 2AEB20282A6EFE8F00A3B014 /* ProgrammaticUI.app */;
			productType = "com.apple.product-type.application";
		};
/* End PBXNativeTarget section */

/* Begin PBXProject section */
		2AEB20202A6EFE8F00A3B014 /* Project object */ = {
			isa = PBXProject;
			attributes = {
				BuildIndependentTargetsInParallel = 1;
				LastSwiftUpdateCheck = 1430;
				LastUpgradeCheck = 1430;
				TargetAttributes = {
					2AEB20272A6EFE8F00A3B014 = {
						CreatedOnToolsVersion = 14.3.1;
					};
				};
			};
			buildConfigurationList = 2AEB20232A6EFE8F00A3B014 /* Build configuration list for PBXProject "ProgrammaticUI" */;
			compatibilityVersion = "Xcode 14.0";
			developmentRegion = en;
			hasScannedForEncodings = 0;
			knownRegions = (
				en,
				Base,
			);
			mainGroup = 2AEB201F2A6EFE8F00A3B014;
			packageReferences = (
				2AD897F82A725707003B2A47 /* XCRemoteSwiftPackageReference "firebase-ios-sdk" */,
			);
			productRefGroup = 2AEB20292A6EFE8F00A3B014 /* Products */;
			projectDirPath = "";
			projectRoot = "";
			targets = (
				2AEB20272A6EFE8F00A3B014 /* ProgrammaticUI */,
			);
		};
/* End PBXProject section */

/* Begin PBXResourcesBuildPhase section */
		2AEB20262A6EFE8F00A3B014 /* Resources */ = {
			isa = PBXResourcesBuildPhase;
			buildActionMask = 2147483647;
			files = (
				2AEB20382A6EFE9000A3B014 /* LaunchScreen.storyboard in Resources */,
				2AEB20352A6EFE9000A3B014 /* Assets.xcassets in Resources */,
				2AD897F72A7255DF003B2A47 /* GoogleService-Info.plist in Resources */,
			);
			runOnlyForDeploymentPostprocessing = 0;
		};
/* End PBXResourcesBuildPhase section */

/* Begin PBXSourcesBuildPhase section */
		2AEB20242A6EFE8F00A3B014 /* Sources */ = {
			isa = PBXSourcesBuildPhase;
			buildActionMask = 2147483647;
			files = (
				2AEB20302A6EFE8F00A3B014 /* WelcomeViewController.swift in Sources */,
				2AD897F12A71AC72003B2A47 /* SAButton.swift in Sources */,
				2A5838612A701B8100E137F8 /* RegisterViewController.swift in Sources */,
				2AD898002A725B49003B2A47 /* HomeViewController.swift in Sources */,
				2A58385F2A6FD51000E137F8 /* LoginViewController.swift in Sources */,
				2AD897F52A7242DB003B2A47 /* SATextField.swift in Sources */,
				2AEB202C2A6EFE8F00A3B014 /* AppDelegate.swift in Sources */,
				2AEB202E2A6EFE8F00A3B014 /* SceneDelegate.swift in Sources */,
				2AD898022A7264DE003B2A47 /* TestButton.swift in Sources */,
			);
			runOnlyForDeploymentPostprocessing = 0;
		};
/* End PBXSourcesBuildPhase section */

/* Begin PBXVariantGroup section */
		2AEB20362A6EFE9000A3B014 /* LaunchScreen.storyboard */ = {
			isa = PBXVariantGroup;
			children = (
				2AEB20372A6EFE9000A3B014 /* Base */,
			);
			name = LaunchScreen.storyboard;
			sourceTree = "<group>";
		};
/* End PBXVariantGroup section */

/* Begin XCBuildConfiguration section */
		2AEB203A2A6EFE9000A3B014 /* Debug */ = {
			isa = XCBuildConfiguration;
			buildSettings = {
				ALWAYS_SEARCH_USER_PATHS = NO;
				CLANG_ANALYZER_NONNULL = YES;
				CLANG_ANALYZER_NUMBER_OBJECT_CONVERSION = YES_AGGRESSIVE;
				CLANG_CXX_LANGUAGE_STANDARD = "gnu++20";
				CLANG_ENABLE_MODULES = YES;
				CLANG_ENABLE_OBJC_ARC = YES;
				CLANG_ENABLE_OBJC_WEAK = YES;
				CLANG_WARN_BLOCK_CAPTURE_AUTORELEASING = YES;
				CLANG_WARN_BOOL_CONVERSION = YES;
				CLANG_WARN_COMMA = YES;
				CLANG_WARN_CONSTANT_CONVERSION = YES;
				CLANG_WARN_DEPRECATED_OBJC_IMPLEMENTATIONS = YES;
				CLANG_WARN_DIRECT_OBJC_ISA_USAGE = YES_ERROR;
				CLANG_WARN_DOCUMENTATION_COMMENTS = YES;
				CLANG_WARN_EMPTY_BODY = YES;
				CLANG_WARN_ENUM_CONVERSION = YES;
				CLANG_WARN_INFINITE_RECURSION = YES;
				CLANG_WARN_INT_CONVERSION = YES;
				CLANG_WARN_NON_LITERAL_NULL_CONVERSION = YES;
				CLANG_WARN_OBJC_IMPLICIT_RETAIN_SELF = YES;
				CLANG_WARN_OBJC_LITERAL_CONVERSION = YES;
				CLANG_WARN_OBJC_ROOT_CLASS = YES_ERROR;
				CLANG_WARN_QUOTED_INCLUDE_IN_FRAMEWORK_HEADER = YES;
				CLANG_WARN_RANGE_LOOP_ANALYSIS = YES;
				CLANG_WARN_STRICT_PROTOTYPES = YES;
				CLANG_WARN_SUSPICIOUS_MOVE = YES;
				CLANG_WARN_UNGUARDED_AVAILABILITY = YES_AGGRESSIVE;
				CLANG_WARN_UNREACHABLE_CODE = YES;
				CLANG_WARN__DUPLICATE_METHOD_MATCH = YES;
				COPY_PHASE_STRIP = NO;
				DEBUG_INFORMATION_FORMAT = dwarf;
				ENABLE_STRICT_OBJC_MSGSEND = YES;
				ENABLE_TESTABILITY = YES;
				GCC_C_LANGUAGE_STANDARD = gnu11;
				GCC_DYNAMIC_NO_PIC = NO;
				GCC_NO_COMMON_BLOCKS = YES;
				GCC_OPTIMIZATION_LEVEL = 0;
				GCC_PREPROCESSOR_DEFINITIONS = (
					"DEBUG=1",
					"$(inherited)",
				);
				GCC_WARN_64_TO_32_BIT_CONVERSION = YES;
				GCC_WARN_ABOUT_RETURN_TYPE = YES_ERROR;
				GCC_WARN_UNDECLARED_SELECTOR = YES;
				GCC_WARN_UNINITIALIZED_AUTOS = YES_AGGRESSIVE;
				GCC_WARN_UNUSED_FUNCTION = YES;
				GCC_WARN_UNUSED_VARIABLE = YES;
				IPHONEOS_DEPLOYMENT_TARGET = 16.4;
				MTL_ENABLE_DEBUG_INFO = INCLUDE_SOURCE;
				MTL_FAST_MATH = YES;
				ONLY_ACTIVE_ARCH = YES;
				SDKROOT = iphoneos;
				SWIFT_ACTIVE_COMPILATION_CONDITIONS = DEBUG;
				SWIFT_OPTIMIZATION_LEVEL = "-Onone";
			};
			name = Debug;
		};
		2AEB203B2A6EFE9000A3B014 /* Release */ = {
			isa = XCBuildConfiguration;
			buildSettings = {
				ALWAYS_SEARCH_USER_PATHS = NO;
				CLANG_ANALYZER_NONNULL = YES;
				CLANG_ANALYZER_NUMBER_OBJECT_CONVERSION = YES_AGGRESSIVE;
				CLANG_CXX_LANGUAGE_STANDARD = "gnu++20";
				CLANG_ENABLE_MODULES = YES;
				CLANG_ENABLE_OBJC_ARC = YES;
				CLANG_ENABLE_OBJC_WEAK = YES;
				CLANG_WARN_BLOCK_CAPTURE_AUTORELEASING = YES;
				CLANG_WARN_BOOL_CONVERSION = YES;
				CLANG_WARN_COMMA = YES;
				CLANG_WARN_CONSTANT_CONVERSION = YES;
				CLANG_WARN_DEPRECATED_OBJC_IMPLEMENTATIONS = YES;
				CLANG_WARN_DIRECT_OBJC_ISA_USAGE = YES_ERROR;
				CLANG_WARN_DOCUMENTATION_COMMENTS = YES;
				CLANG_WARN_EMPTY_BODY = YES;
				CLANG_WARN_ENUM_CONVERSION = YES;
				CLANG_WARN_INFINITE_RECURSION = YES;
				CLANG_WARN_INT_CONVERSION = YES;
				CLANG_WARN_NON_LITERAL_NULL_CONVERSION = YES;
				CLANG_WARN_OBJC_IMPLICIT_RETAIN_SELF = YES;
				CLANG_WARN_OBJC_LITERAL_CONVERSION = YES;
				CLANG_WARN_OBJC_ROOT_CLASS = YES_ERROR;
				CLANG_WARN_QUOTED_INCLUDE_IN_FRAMEWORK_HEADER = YES;
				CLANG_WARN_RANGE_LOOP_ANALYSIS = YES;
				CLANG_WARN_STRICT_PROTOTYPES = YES;
				CLANG_WARN_SUSPICIOUS_MOVE = YES;
				CLANG_WARN_UNGUARDED_AVAILABILITY = YES_AGGRESSIVE;
				CLANG_WARN_UNREACHABLE_CODE = YES;
				CLANG_WARN__DUPLICATE_METHOD_MATCH = YES;
				COPY_PHASE_STRIP = NO;
				DEBUG_INFORMATION_FORMAT = "dwarf-with-dsym";
				ENABLE_NS_ASSERTIONS = NO;
				ENABLE_STRICT_OBJC_MSGSEND = YES;
				GCC_C_LANGUAGE_STANDARD = gnu11;
				GCC_NO_COMMON_BLOCKS = YES;
				GCC_WARN_64_TO_32_BIT_CONVERSION = YES;
				GCC_WARN_ABOUT_RETURN_TYPE = YES_ERROR;
				GCC_WARN_UNDECLARED_SELECTOR = YES;
				GCC_WARN_UNINITIALIZED_AUTOS = YES_AGGRESSIVE;
				GCC_WARN_UNUSED_FUNCTION = YES;
				GCC_WARN_UNUSED_VARIABLE = YES;
				IPHONEOS_DEPLOYMENT_TARGET = 16.4;
				MTL_ENABLE_DEBUG_INFO = NO;
				MTL_FAST_MATH = YES;
				SDKROOT = iphoneos;
				SWIFT_COMPILATION_MODE = wholemodule;
				SWIFT_OPTIMIZATION_LEVEL = "-O";
				VALIDATE_PRODUCT = YES;
			};
			name = Release;
		};
		2AEB203D2A6EFE9000A3B014 /* Debug */ = {
			isa = XCBuildConfiguration;
			buildSettings = {
				ASSETCATALOG_COMPILER_APPICON_NAME = AppIcon;
				ASSETCATALOG_COMPILER_GLOBAL_ACCENT_COLOR_NAME = AccentColor;
				CODE_SIGN_STYLE = Automatic;
				CURRENT_PROJECT_VERSION = 1;
				GENERATE_INFOPLIST_FILE = YES;
				INFOPLIST_FILE = ProgrammaticUI/Info.plist;
				INFOPLIST_KEY_UIApplicationSupportsIndirectInputEvents = YES;
				INFOPLIST_KEY_UILaunchStoryboardName = LaunchScreen;
				INFOPLIST_KEY_UISupportedInterfaceOrientations_iPad = "UIInterfaceOrientationPortrait UIInterfaceOrientationPortraitUpsideDown UIInterfaceOrientationLandscapeLeft UIInterfaceOrientationLandscapeRight";
				INFOPLIST_KEY_UISupportedInterfaceOrientations_iPhone = "UIInterfaceOrientationPortrait UIInterfaceOrientationLandscapeLeft UIInterfaceOrientationLandscapeRight";
				LD_RUNPATH_SEARCH_PATHS = (
					"$(inherited)",
					"@executable_path/Frameworks",
				);
				MARKETING_VERSION = 1.0;
				PRODUCT_BUNDLE_IDENTIFIER = com.course.ProgrammaticUI;
				PRODUCT_NAME = "$(TARGET_NAME)";
				SWIFT_EMIT_LOC_STRINGS = YES;
				SWIFT_VERSION = 5.0;
				TARGETED_DEVICE_FAMILY = "1,2";
			};
			name = Debug;
		};
		2AEB203E2A6EFE9000A3B014 /* Release */ = {
			isa = XCBuildConfiguration;
			buildSettings = {
				ASSETCATALOG_COMPILER_APPICON_NAME = AppIcon;
				ASSETCATALOG_COMPILER_GLOBAL_ACCENT_COLOR_NAME = AccentColor;
				CODE_SIGN_STYLE = Automatic;
				CURRENT_PROJECT_VERSION = 1;
				GENERATE_INFOPLIST_FILE = YES;
				INFOPLIST_FILE = ProgrammaticUI/Info.plist;
				INFOPLIST_KEY_UIApplicationSupportsIndirectInputEvents = YES;
				INFOPLIST_KEY_UILaunchStoryboardName = LaunchScreen;
				INFOPLIST_KEY_UISupportedInterfaceOrientations_iPad = "UIInterfaceOrientationPortrait UIInterfaceOrientationPortraitUpsideDown UIInterfaceOrientationLandscapeLeft UIInterfaceOrientationLandscapeRight";
				INFOPLIST_KEY_UISupportedInterfaceOrientations_iPhone = "UIInterfaceOrientationPortrait UIInterfaceOrientationLandscapeLeft UIInterfaceOrientationLandscapeRight";
				LD_RUNPATH_SEARCH_PATHS = (
					"$(inherited)",
					"@executable_path/Frameworks",
				);
				MARKETING_VERSION = 1.0;
				PRODUCT_BUNDLE_IDENTIFIER = com.course.ProgrammaticUI;
				PRODUCT_NAME = "$(TARGET_NAME)";
				SWIFT_EMIT_LOC_STRINGS = YES;
				SWIFT_VERSION = 5.0;
				TARGETED_DEVICE_FAMILY = "1,2";
			};
			name = Release;
		};
/* End XCBuildConfiguration section */

/* Begin XCConfigurationList section */
		2AEB20232A6EFE8F00A3B014 /* Build configuration list for PBXProject "ProgrammaticUI" */ = {
			isa = XCConfigurationList;
			buildConfigurations = (
				2AEB203A2A6EFE9000A3B014 /* Debug */,
				2AEB203B2A6EFE9000A3B014 /* Release */,
			);
			defaultConfigurationIsVisible = 0;
			defaultConfigurationName = Release;
		};
		2AEB203C2A6EFE9000A3B014 /* Build configuration list for PBXNativeTarget "ProgrammaticUI" */ = {
			isa = XCConfigurationList;
			buildConfigurations = (
				2AEB203D2A6EFE9000A3B014 /* Debug */,
				2AEB203E2A6EFE9000A3B014 /* Release */,
			);
			defaultConfigurationIsVisible = 0;
			defaultConfigurationName = Release;
		};
/* End XCConfigurationList section */

/* Begin XCRemoteSwiftPackageReference section */
		2AD897F82A725707003B2A47 /* XCRemoteSwiftPackageReference "firebase-ios-sdk" */ = {
			isa = XCRemoteSwiftPackageReference;
			repositoryURL = "https://github.com/firebase/firebase-ios-sdk";
			requirement = {
				kind = upToNextMajorVersion;
				minimumVersion = 10.0.0;
			};
		};
/* End XCRemoteSwiftPackageReference section */

/* Begin XCSwiftPackageProductDependency section */
		2AD897F92A725707003B2A47 /* FirebaseAuth */ = {
			isa = XCSwiftPackageProductDependency;
			package = 2AD897F82A725707003B2A47 /* XCRemoteSwiftPackageReference "firebase-ios-sdk" */;
			productName = FirebaseAuth;
		};
		2AD897FB2A725707003B2A47 /* FirebaseFirestore */ = {
			isa = XCSwiftPackageProductDependency;
			package = 2AD897F82A725707003B2A47 /* XCRemoteSwiftPackageReference "firebase-ios-sdk" */;
			productName = FirebaseFirestore;
		};
/* End XCSwiftPackageProductDependency section */
	};
	rootObject = 2AEB20202A6EFE8F00A3B014 /* Project object */;
}
